{
  "name": "pomodoro",
  "version": "1.0.0",
  "lockfileVersion": 1,
  "requires": true,
  "dependencies": {
    "progressbar.js": {
      "version": "1.1.0",
      "resolved": "https://registry.npmjs.org/progressbar.js/-/progressbar.js-1.1.0.tgz",
      "integrity": "sha512-K68/xcyXKo2I6T3PfIkXrRaycxROmWeU4bugb49iulWR25cU94PM0cfZ47S0jDhG5K3vPhZwCOy1fgb5Pgh6UQ==",
      "requires": {
        "shifty": "^2.1.2"
      }
    },
    "shifty": {
      "version": "2.8.0",
      "resolved": "https://registry.npmjs.org/shifty/-/shifty-2.8.0.tgz",
      "integrity": "sha512-UZf+ULguMgvfFSs3cA7e5EUjWSFSAgbJ3YTwhoPozrk9cNtrnDv5vMfafiJ2U3HiKFhhRB3Hm9bzbLpvoKb6IA=="
    },
    "vue": {
      "version": "2.6.10",
      "resolved": "https://registry.npmjs.org/vue/-/vue-2.6.10.tgz",
      "integrity": "sha512-ImThpeNU9HbdZL3utgMCq0oiMzAkt1mcgy3/E6zWC/G6AaQoeuFdsl9nDhTDU3X1R6FK7nsIUuRACVcjI+A2GQ=="
    },
    "vue-progress": {
      "version": "0.2.1",
      "resolved": "https://registry.npmjs.org/vue-progress/-/vue-progress-0.2.1.tgz",
      "integrity": "sha1-SREpixoOqnuCMjd7w0E3JQGAdaQ=",
      "requires": {
        "progressbar.js": "^1.0.1"
      }
    }
  }
}
